// !$*UTF8*$!
{
	archiveVersion = 1;
	classes = {
	};
	objectVersion = 50;
	objects = {

/* Begin PBXBuildFile section */
		40AB81A523BE4C19000D6EAE /* AppDelegate.swift in Sources */ = {isa = PBXBuildFile; fileRef = 40AB81A423BE4C19000D6EAE /* AppDelegate.swift */; };
		40AB81A723BE4C19000D6EAE /* SceneDelegate.swift in Sources */ = {isa = PBXBuildFile; fileRef = 40AB81A623BE4C19000D6EAE /* SceneDelegate.swift */; };
		40AB81A923BE4C19000D6EAE /* ContentView.swift in Sources */ = {isa = PBXBuildFile; fileRef = 40AB81A823BE4C19000D6EAE /* ContentView.swift */; };
		40AB81AB23BE4C1A000D6EAE /* Assets.xcassets in Resources */ = {isa = PBXBuildFile; fileRef = 40AB81AA23BE4C1A000D6EAE /* Assets.xcassets */; };
		40AB81AE23BE4C1A000D6EAE /* Preview Assets.xcassets in Resources */ = {isa = PBXBuildFile; fileRef = 40AB81AD23BE4C1A000D6EAE /* Preview Assets.xcassets */; };
		40AB81B123BE4C1A000D6EAE /* LaunchScreen.storyboard in Resources */ = {isa = PBXBuildFile; fileRef = 40AB81AF23BE4C1A000D6EAE /* LaunchScreen.storyboard */; };
/* End PBXBuildFile section */

/* Begin PBXFileReference section */
		40AB81A123BE4C19000D6EAE /* SwiftUI FullModal.app */ = {isa = PBXFileReference; explicitFileType = wrapper.application; includeInIndex = 0; path = "SwiftUI FullModal.app"; sourceTree = BUILT_PRODUCTS_DIR; };
		40AB81A423BE4C19000D6EAE /* AppDelegate.swift */ = {isa = PBXFileReference; lastKnownFileType = sourcecode.swift; path = AppDelegate.swift; sourceTree = "<group>"; };
		40AB81A623BE4C19000D6EAE /* SceneDelegate.swift */ = {isa = PBXFileReference; lastKnownFileType = sourcecode.swift; path = SceneDelegate.swift; sourceTree = "<group>"; };
		40AB81A823BE4C19000D6EAE /* ContentView.swift */ = {isa = PBXFileReference; lastKnownFileType = sourcecode.swift; path = ContentView.swift; sourceTree = "<group>"; };
		40AB81AA23BE4C1A000D6EAE /* Assets.xcassets */ = {isa = PBXFileReference; lastKnownFileType = folder.assetcatalog; path = Assets.xcassets; sourceTree = "<group>"; };
		40AB81AD23BE4C1A000D6EAE /* Preview Assets.xcassets */ = {isa = PBXFileReference; lastKnownFileType = folder.assetcatalog; path = "Preview Assets.xcassets"; sourceTree = "<group>"; };
		40AB81B023BE4C1A000D6EAE /* Base */ = {isa = PBXFileReference; lastKnownFileType = file.storyboard; name = Base; path = Base.lproj/LaunchScreen.storyboard; sourceTree = "<group>"; };
		40AB81B223BE4C1A000D6EAE /* Info.plist */ = {isa = PBXFileReference; lastKnownFileType = text.plist.xml; path = Info.plist; sourceTree = "<group>"; };
/* End PBXFileReference section */

/* Begin PBXFrameworksBuildPhase section */
		40AB819E23BE4C19000D6EAE /* Frameworks */ = {
			isa = PBXFrameworksBuildPhase;
			buildActionMask = 2147483647;
			files = (
			);
			runOnlyForDeploymentPostprocessing = 0;
		};
/* End PBXFrameworksBuildPhase section */

/* Begin PBXGroup section */
		40AB819823BE4C19000D6EAE = {
			isa = PBXGroup;
			children = (
				40AB81A323BE4C19000D6EAE /* SwiftUI FullModal */,
				40AB81A223BE4C19000D6EAE /* Products */,
			);
			sourceTree = "<group>";
		};
		40AB81A223BE4C19000D6EAE /* Products */ = {
			isa = PBXGroup;
			children = (
				40AB81A123BE4C19000D6EAE /* SwiftUI FullModal.app */,
			);
			name = Products;
			sourceTree = "<group>";
		};
		40AB81A323BE4C19000D6EAE /* SwiftUI FullModal */ = {
			isa = PBXGroup;
			children = (
				40AB81A423BE4C19000D6EAE /* AppDelegate.swift */,
				40AB81A623BE4C19000D6EAE /* SceneDelegate.swift */,
				40AB81A823BE4C19000D6EAE /* ContentView.swift */,
				40AB81AA23BE4C1A000D6EAE /* Assets.xcassets */,
				40AB81AF23BE4C1A000D6EAE /* LaunchScreen.storyboard */,
				40AB81B223BE4C1A000D6EAE /* Info.plist */,
				40AB81AC23BE4C1A000D6EAE /* Preview Content */,
			);
			path = "SwiftUI FullModal";
			sourceTree = "<group>";
		};
		40AB81AC23BE4C1A000D6EAE /* Preview Content */ = {
			isa = PBXGroup;
			children = (
				40AB81AD23BE4C1A000D6EAE /* Preview Assets.xcassets */,
			);
			path = "Preview Content";
			sourceTree = "<group>";
		};
/* End PBXGroup section */

/* Begin PBXNativeTarget section */
		40AB81A023BE4C19000D6EAE /* SwiftUI FullModal */ = {
			isa = PBXNativeTarget;
			buildConfigurationList = 40AB81B523BE4C1A000D6EAE /* Build configuration list for PBXNativeTarget "SwiftUI FullModal" */;
			buildPhases = (
				40AB819D23BE4C19000D6EAE /* Sources */,
				40AB819E23BE4C19000D6EAE /* Frameworks */,
				40AB819F23BE4C19000D6EAE /* Resources */,
			);
			buildRules = (
			);
			dependencies = (
			);
			name = "SwiftUI FullModal";
			productName = "SwiftUI FullModal";
			productReference = 40AB81A123BE4C19000D6EAE /* SwiftUI FullModal.app */;
			productType = "com.apple.product-type.application";
		};
/* End PBXNativeTarget section */

/* Begin PBXProject section */
		40AB819923BE4C19000D6EAE /* Project object */ = {
			isa = PBXProject;
			attributes = {
				LastSwiftUpdateCheck = 1130;
				LastUpgradeCheck = 1130;
				ORGANIZATIONNAME = "Ali AlNaghmoush";
				TargetAttributes = {
					40AB81A023BE4C19000D6EAE = {
						CreatedOnToolsVersion = 11.3;
					};
				};
			};
			buildConfigurationList = 40AB819C23BE4C19000D6EAE /* Build configuration list for PBXProject "SwiftUI FullModal" */;
			compatibilityVersion = "Xcode 9.3";
			developmentRegion = en;
			hasScannedForEncodings = 0;
			knownRegions = (
				en,
				Base,
			);
			mainGroup = 40AB819823BE4C19000D6EAE;
			productRefGroup = 40AB81A223BE4C19000D6EAE /* Products */;
			projectDirPath = "";
			projectRoot = "";
			targets = (
				40AB81A023BE4C19000D6EAE /* SwiftUI FullModal */,
			);
		};
/* End PBXProject section */

/* Begin PBXResourcesBuildPhase section */
		40AB819F23BE4C19000D6EAE /* Resources */ = {
			isa = PBXResourcesBuildPhase;
			buildActionMask = 2147483647;
			files = (
				40AB81B123BE4C1A000D6EAE /* LaunchScreen.storyboard in Resources */,
				40AB81AE23BE4C1A000D6EAE /* Preview Assets.xcassets in Resources */,
				40AB81AB23BE4C1A000D6EAE /* Assets.xcassets in Resources */,
			);
			runOnlyForDeploymentPostprocessing = 0;
		};
/* End PBXResourcesBuildPhase section */

/* Begin PBXSourcesBuildPhase section */
		40AB819D23BE4C19000D6EAE /* Sources */ = {
			isa = PBXSourcesBuildPhase;
			buildActionMask = 2147483647;
			files = (
				40AB81A523BE4C19000D6EAE /* AppDelegate.swift in Sources */,
				40AB81A723BE4C19000D6EAE /* SceneDelegate.swift in Sources */,
				40AB81A923BE4C19000D6EAE /* ContentView.swift in Sources */,
			);
			runOnlyForDeploymentPostprocessing = 0;
		};
/* End PBXSourcesBuildPhase section */

/* Begin PBXVariantGroup section */
		40AB81AF23BE4C1A000D6EAE /* LaunchScreen.storyboard */ = {
			isa = PBXVariantGroup;
			children = (
				40AB81B023BE4C1A000D6EAE /* Base */,
			);
			name = LaunchScreen.storyboard;
			sourceTree = "<group>";
		};
/* End PBXVariantGroup section */

/* Begin XCBuildConfiguration section */
		40AB81B323BE4C1A000D6EAE /* Debug */ = {
			isa = XCBuildConfiguration;
			buildSettings = {
				ALWAYS_SEARCH_USER_PATHS = NO;
				CLANG_ANALYZER_NONNULL = YES;
				CLANG_ANALYZER_NUMBER_OBJECT_CONVERSION = YES_AGGRESSIVE;
				CLANG_CXX_LANGUAGE_STANDARD = "gnu++14";
				CLANG_CXX_LIBRARY = "libc++";
				CLANG_ENABLE_MODULES = YES;
				CLANG_ENABLE_OBJC_ARC = YES;
				CLANG_ENABLE_OBJC_WEAK = YES;
				CLANG_WARN_BLOCK_CAPTURE_AUTORELEASING = YES;
				CLANG_WARN_BOOL_CONVERSION = YES;
				CLANG_WARN_COMMA = YES;
				CLANG_WARN_CONSTANT_CONVERSION = YES;
				CLANG_WARN_DEPRECATED_OBJC_IMPLEMENTATIONS = YES;
				CLANG_WARN_DIRECT_OBJC_ISA_USAGE = YES_ERROR;
				CLANG_WARN_DOCUMENTATION_COMMENTS = YES;
				CLANG_WARN_EMPTY_BODY = YES;
				CLANG_WARN_ENUM_CONVERSION = YES;
				CLANG_WARN_INFINITE_RECURSION = YES;
				CLANG_WARN_INT_CONVERSION = YES;
				CLANG_WARN_NON_LITERAL_NULL_CONVERSION = YES;
				CLANG_WARN_OBJC_IMPLICIT_RETAIN_SELF = YES;
				CLANG_WARN_OBJC_LITERAL_CONVERSION = YES;
				CLANG_WARN_OBJC_ROOT_CLASS = YES_ERROR;
				CLANG_WARN_RANGE_LOOP_ANALYSIS = YES;
				CLANG_WARN_STRICT_PROTOTYPES = YES;
				CLANG_WARN_SUSPICIOUS_MOVE = YES;
				CLANG_WARN_UNGUARDED_AVAILABILITY = YES_AGGRESSIVE;
				CLANG_WARN_UNREACHABLE_CODE = YES;
				CLANG_WARN__DUPLICATE_METHOD_MATCH = YES;
				COPY_PHASE_STRIP = NO;
				DEBUG_INFORMATION_FORMAT = dwarf;
				ENABLE_STRICT_OBJC_MSGSEND = YES;
				ENABLE_TESTABILITY = YES;
				GCC_C_LANGUAGE_STANDARD = gnu11;
				GCC_DYNAMIC_NO_PIC = NO;
				GCC_NO_COMMON_BLOCKS = YES;
				GCC_OPTIMIZATION_LEVEL = 0;
				GCC_PREPROCESSOR_DEFINITIONS = (
					"DEBUG=1",
					"$(inherited)",
				);
				GCC_WARN_64_TO_32_BIT_CONVERSION = YES;
				GCC_WARN_ABOUT_RETURN_TYPE = YES_ERROR;
				GCC_WARN_UNDECLARED_SELECTOR = YES;
				GCC_WARN_UNINITIALIZED_AUTOS = YES_AGGRESSIVE;
				GCC_WARN_UNUSED_FUNCTION = YES;
				GCC_WARN_UNUSED_VARIABLE = YES;
				IPHONEOS_DEPLOYMENT_TARGET = 13.2;
				MTL_ENABLE_DEBUG_INFO = INCLUDE_SOURCE;
				MTL_FAST_MATH = YES;
				ONLY_ACTIVE_ARCH = YES;
				SDKROOT = iphoneos;
				SWIFT_ACTIVE_COMPILATION_CONDITIONS = DEBUG;
				SWIFT_OPTIMIZATION_LEVEL = "-Onone";
			};
			name = Debug;
		};
		40AB81B423BE4C1A000D6EAE /* Release */ = {
			isa = XCBuildConfiguration;
			buildSettings = {
				ALWAYS_SEARCH_USER_PATHS = NO;
				CLANG_ANALYZER_NONNULL = YES;
				CLANG_ANALYZER_NUMBER_OBJECT_CONVERSION = YES_AGGRESSIVE;
				CLANG_CXX_LANGUAGE_STANDARD = "gnu++14";
				CLANG_CXX_LIBRARY = "libc++";
				CLANG_ENABLE_MODULES = YES;
				CLANG_ENABLE_OBJC_ARC = YES;
				CLANG_ENABLE_OBJC_WEAK = YES;
				CLANG_WARN_BLOCK_CAPTURE_AUTORELEASING = YES;
				CLANG_WARN_BOOL_CONVERSION = YES;
				CLANG_WARN_COMMA = YES;
				CLANG_WARN_CONSTANT_CONVERSION = YES;
				CLANG_WARN_DEPRECATED_OBJC_IMPLEMENTATIONS = YES;
				CLANG_WARN_DIRECT_OBJC_ISA_USAGE = YES_ERROR;
				CLANG_WARN_DOCUMENTATION_COMMENTS = YES;
				CLANG_WARN_EMPTY_BODY = YES;
				CLANG_WARN_ENUM_CONVERSION = YES;
				CLANG_WARN_INFINITE_RECURSION = YES;
				CLANG_WARN_INT_CONVERSION = YES;
				CLANG_WARN_NON_LITERAL_NULL_CONVERSION = YES;
				CLANG_WARN_OBJC_IMPLICIT_RETAIN_SELF = YES;
				CLANG_WARN_OBJC_LITERAL_CONVERSION = YES;
				CLANG_WARN_OBJC_ROOT_CLASS = YES_ERROR;
				CLANG_WARN_RANGE_LOOP_ANALYSIS = YES;
				CLANG_WARN_STRICT_PROTOTYPES = YES;
				CLANG_WARN_SUSPICIOUS_MOVE = YES;
				CLANG_WARN_UNGUARDED_AVAILABILITY = YES_AGGRESSIVE;
				CLANG_WARN_UNREACHABLE_CODE = YES;
				CLANG_WARN__DUPLICATE_METHOD_MATCH = YES;
				COPY_PHASE_STRIP = NO;
				DEBUG_INFORMATION_FORMAT = "dwarf-with-dsym";
				ENABLE_NS_ASSERTIONS = NO;
				ENABLE_STRICT_OBJC_MSGSEND = YES;
				GCC_C_LANGUAGE_STANDARD = gnu11;
				GCC_NO_COMMON_BLOCKS = YES;
				GCC_WARN_64_TO_32_BIT_CONVERSION = YES;
				GCC_WARN_ABOUT_RETURN_TYPE = YES_ERROR;
				GCC_WARN_UNDECLARED_SELECTOR = YES;
				GCC_WARN_UNINITIALIZED_AUTOS = YES_AGGRESSIVE;
				GCC_WARN_UNUSED_FUNCTION = YES;
				GCC_WARN_UNUSED_VARIABLE = YES;
				IPHONEOS_DEPLOYMENT_TARGET = 13.2;
				MTL_ENABLE_DEBUG_INFO = NO;
				MTL_FAST_MATH = YES;
				SDKROOT = iphoneos;
				SWIFT_COMPILATION_MODE = wholemodule;
				SWIFT_OPTIMIZATION_LEVEL = "-O";
				VALIDATE_PRODUCT = YES;
			};
			name = Release;
		};
		40AB81B623BE4C1A000D6EAE /* Debug */ = {
			isa = XCBuildConfiguration;
			buildSettings = {
				ASSETCATALOG_COMPILER_APPICON_NAME = AppIcon;
				CODE_SIGN_STYLE = Automatic;
				DEVELOPMENT_ASSET_PATHS = "\"SwiftUI FullModal/Preview Content\"";
				DEVELOPMENT_TEAM = 6ZJM8A7V8Y;
				ENABLE_PREVIEWS = YES;
				INFOPLIST_FILE = "SwiftUI FullModal/Info.plist";
				LD_RUNPATH_SEARCH_PATHS = (
					"$(inherited)",
					"@executable_path/Frameworks",
				);
				PRODUCT_BUNDLE_IDENTIFIER = "com.alialnaghmoush.SwiftUI-FullModal";
				PRODUCT_NAME = "$(TARGET_NAME)";
				SWIFT_VERSION = 5.0;
				TARGETED_DEVICE_FAMILY = "1,2";
			};
			name = Debug;
		};
		40AB81B723BE4C1A000D6EAE /* Release */ = {
			isa = XCBuildConfiguration;
			buildSettings = {
				ASSETCATALOG_COMPILER_APPICON_NAME = AppIcon;
				CODE_SIGN_STYLE = Automatic;
				DEVELOPMENT_ASSET_PATHS = "\"SwiftUI FullModal/Preview Content\"";
				DEVELOPMENT_TEAM = 6ZJM8A7V8Y;
				ENABLE_PREVIEWS = YES;
				INFOPLIST_FILE = "SwiftUI FullModal/Info.plist";
				LD_RUNPATH_SEARCH_PATHS = (
					"$(inherited)",
					"@executable_path/Frameworks",
				);
				PRODUCT_BUNDLE_IDENTIFIER = "com.alialnaghmoush.SwiftUI-FullModal";
				PRODUCT_NAME = "$(TARGET_NAME)";
				SWIFT_VERSION = 5.0;
				TARGETED_DEVICE_FAMILY = "1,2";
			};
			name = Release;
		};
/* End XCBuildConfiguration section */

/* Begin XCConfigurationList section */
		40AB819C23BE4C19000D6EAE /* Build configuration list for PBXProject "SwiftUI FullModal" */ = {
			isa = XCConfigurationList;
			buildConfigurations = (
				40AB81B323BE4C1A000D6EAE /* Debug */,
				40AB81B423BE4C1A000D6EAE /* Release */,
			);
			defaultConfigurationIsVisible = 0;
			defaultConfigurationName = Release;
		};
		40AB81B523BE4C1A000D6EAE /* Build configuration list for PBXNativeTarget "SwiftUI FullModal" */ = {
			isa = XCConfigurationList;
			buildConfigurations = (
				40AB81B623BE4C1A000D6EAE /* Debug */,
				40AB81B723BE4C1A000D6EAE /* Release */,
			);
			defaultConfigurationIsVisible = 0;
			defaultConfigurationName = Release;
		};
/* End XCConfigurationList section */
	};
	rootObject = 40AB819923BE4C19000D6EAE /* Project object */;
}
